// !$*UTF8*$!
{
	archiveVersion = 1;
	classes = {
	};
	objectVersion = 56;
	objects = {

/* Begin PBXBuildFile section */
		FC1DFF502ADB03E5007E074B /* PrevisaoDoTempoApp.swift in Sources */ = {isa = PBXBuildFile; fileRef = FC1DFF4F2ADB03E5007E074B /* PrevisaoDoTempoApp.swift */; };
		FC1DFF522ADB03E5007E074B /* ContentView.swift in Sources */ = {isa = PBXBuildFile; fileRef = FC1DFF512ADB03E5007E074B /* ContentView.swift */; };
		FC1DFF542ADB03E6007E074B /* Assets.xcassets in Resources */ = {isa = PBXBuildFile; fileRef = FC1DFF532ADB03E6007E074B /* Assets.xcassets */; };
		FC1DFF572ADB03E6007E074B /* Preview Assets.xcassets in Resources */ = {isa = PBXBuildFile; fileRef = FC1DFF562ADB03E6007E074B /* Preview Assets.xcassets */; };
		FC1DFF5F2ADB050E007E074B /* Alamofire in Frameworks */ = {isa = PBXBuildFile; productRef = FC1DFF5E2ADB050E007E074B /* Alamofire */; };
		FC1DFF612ADB0540007E074B /* WeatherViewModel.swift in Sources */ = {isa = PBXBuildFile; fileRef = FC1DFF602ADB0540007E074B /* WeatherViewModel.swift */; };
		FC1DFF632ADB066D007E074B /* WeatherData.swift in Sources */ = {isa = PBXBuildFile; fileRef = FC1DFF622ADB066D007E074B /* WeatherData.swift */; };
/* End PBXBuildFile section */

/* Begin PBXFileReference section */
		FC1DFF4C2ADB03E5007E074B /* PrevisaoDoTempo.app */ = {isa = PBXFileReference; explicitFileType = wrapper.application; includeInIndex = 0; path = PrevisaoDoTempo.app; sourceTree = BUILT_PRODUCTS_DIR; };
		FC1DFF4F2ADB03E5007E074B /* PrevisaoDoTempoApp.swift */ = {isa = PBXFileReference; lastKnownFileType = sourcecode.swift; path = PrevisaoDoTempoApp.swift; sourceTree = "<group>"; };
		FC1DFF512ADB03E5007E074B /* ContentView.swift */ = {isa = PBXFileReference; lastKnownFileType = sourcecode.swift; path = ContentView.swift; sourceTree = "<group>"; };
		FC1DFF532ADB03E6007E074B /* Assets.xcassets */ = {isa = PBXFileReference; lastKnownFileType = folder.assetcatalog; path = Assets.xcassets; sourceTree = "<group>"; };
		FC1DFF562ADB03E6007E074B /* Preview Assets.xcassets */ = {isa = PBXFileReference; lastKnownFileType = folder.assetcatalog; path = "Preview Assets.xcassets"; sourceTree = "<group>"; };
		FC1DFF602ADB0540007E074B /* WeatherViewModel.swift */ = {isa = PBXFileReference; lastKnownFileType = sourcecode.swift; path = WeatherViewModel.swift; sourceTree = "<group>"; };
		FC1DFF622ADB066D007E074B /* WeatherData.swift */ = {isa = PBXFileReference; lastKnownFileType = sourcecode.swift; path = WeatherData.swift; sourceTree = "<group>"; };
/* End PBXFileReference section */

/* Begin PBXFrameworksBuildPhase section */
		FC1DFF492ADB03E5007E074B /* Frameworks */ = {
			isa = PBXFrameworksBuildPhase;
			buildActionMask = 2147483647;
			files = (
				FC1DFF5F2ADB050E007E074B /* Alamofire in Frameworks */,
			);
			runOnlyForDeploymentPostprocessing = 0;
		};
/* End PBXFrameworksBuildPhase section */

/* Begin PBXGroup section */
		FC1DFF432ADB03E5007E074B = {
			isa = PBXGroup;
			children = (
				FC1DFF4E2ADB03E5007E074B /* PrevisaoDoTempo */,
				FC1DFF4D2ADB03E5007E074B /* Products */,
			);
			sourceTree = "<group>";
		};
		FC1DFF4D2ADB03E5007E074B /* Products */ = {
			isa = PBXGroup;
			children = (
				FC1DFF4C2ADB03E5007E074B /* PrevisaoDoTempo.app */,
			);
			name = Products;
			sourceTree = "<group>";
		};
		FC1DFF4E2ADB03E5007E074B /* PrevisaoDoTempo */ = {
			isa = PBXGroup;
			children = (
				FC1DFF4F2ADB03E5007E074B /* PrevisaoDoTempoApp.swift */,
				FC1DFF512ADB03E5007E074B /* ContentView.swift */,
				FC1DFF532ADB03E6007E074B /* Assets.xcassets */,
				FC1DFF552ADB03E6007E074B /* Preview Content */,
				FC1DFF602ADB0540007E074B /* WeatherViewModel.swift */,
				FC1DFF622ADB066D007E074B /* WeatherData.swift */,
			);
			path = PrevisaoDoTempo;
			sourceTree = "<group>";
		};
		FC1DFF552ADB03E6007E074B /* Preview Content */ = {
			isa = PBXGroup;
			children = (
				FC1DFF562ADB03E6007E074B /* Preview Assets.xcassets */,
			);
			path = "Preview Content";
			sourceTree = "<group>";
		};
/* End PBXGroup section */

/* Begin PBXNativeTarget section */
		FC1DFF4B2ADB03E5007E074B /* PrevisaoDoTempo */ = {
			isa = PBXNativeTarget;
			buildConfigurationList = FC1DFF5A2ADB03E6007E074B /* Build configuration list for PBXNativeTarget "PrevisaoDoTempo" */;
			buildPhases = (
				FC1DFF482ADB03E5007E074B /* Sources */,
				FC1DFF492ADB03E5007E074B /* Frameworks */,
				FC1DFF4A2ADB03E5007E074B /* Resources */,
			);
			buildRules = (
			);
			dependencies = (
			);
			name = PrevisaoDoTempo;
			packageProductDependencies = (
				FC1DFF5E2ADB050E007E074B /* Alamofire */,
			);
			productName = PrevisaoDoTempo;
			productReference = FC1DFF4C2ADB03E5007E074B /* PrevisaoDoTempo.app */;
			productType = "com.apple.product-type.application";
		};
/* End PBXNativeTarget section */

/* Begin PBXProject section */
		FC1DFF442ADB03E5007E074B /* Project object */ = {
			isa = PBXProject;
			attributes = {
				BuildIndependentTargetsInParallel = 1;
				LastSwiftUpdateCheck = 1500;
				LastUpgradeCheck = 1500;
				TargetAttributes = {
					FC1DFF4B2ADB03E5007E074B = {
						CreatedOnToolsVersion = 15.0;
					};
				};
			};
			buildConfigurationList = FC1DFF472ADB03E5007E074B /* Build configuration list for PBXProject "PrevisaoDoTempo" */;
			compatibilityVersion = "Xcode 14.0";
			developmentRegion = en;
			hasScannedForEncodings = 0;
			knownRegions = (
				en,
				Base,
			);
			mainGroup = FC1DFF432ADB03E5007E074B;
			packageReferences = (
				FC1DFF5D2ADB050E007E074B /* XCRemoteSwiftPackageReference "Alamofire" */,
			);
			productRefGroup = FC1DFF4D2ADB03E5007E074B /* Products */;
			projectDirPath = "";
			projectRoot = "";
			targets = (
				FC1DFF4B2ADB03E5007E074B /* PrevisaoDoTempo */,
			);
		};
/* End PBXProject section */

/* Begin PBXResourcesBuildPhase section */
		FC1DFF4A2ADB03E5007E074B /* Resources */ = {
			isa = PBXResourcesBuildPhase;
			buildActionMask = 2147483647;
			files = (
				FC1DFF572ADB03E6007E074B /* Preview Assets.xcassets in Resources */,
				FC1DFF542ADB03E6007E074B /* Assets.xcassets in Resources */,
			);
			runOnlyForDeploymentPostprocessing = 0;
		};
/* End PBXResourcesBuildPhase section */

/* Begin PBXSourcesBuildPhase section */
		FC1DFF482ADB03E5007E074B /* Sources */ = {
			isa = PBXSourcesBuildPhase;
			buildActionMask = 2147483647;
			files = (
				FC1DFF522ADB03E5007E074B /* ContentView.swift in Sources */,
				FC1DFF612ADB0540007E074B /* WeatherViewModel.swift in Sources */,
				FC1DFF632ADB066D007E074B /* WeatherData.swift in Sources */,
				FC1DFF502ADB03E5007E074B /* PrevisaoDoTempoApp.swift in Sources */,
			);
			runOnlyForDeploymentPostprocessing = 0;
		};
/* End PBXSourcesBuildPhase section */

/* Begin XCBuildConfiguration section */
		FC1DFF582ADB03E6007E074B /* Debug */ = {
			isa = XCBuildConfiguration;
			buildSettings = {
				ALWAYS_SEARCH_USER_PATHS = NO;
				ASSETCATALOG_COMPILER_GENERATE_SWIFT_ASSET_SYMBOL_EXTENSIONS = YES;
				CLANG_ANALYZER_NONNULL = YES;
				CLANG_ANALYZER_NUMBER_OBJECT_CONVERSION = YES_AGGRESSIVE;
				CLANG_CXX_LANGUAGE_STANDARD = "gnu++20";
				CLANG_ENABLE_MODULES = YES;
				CLANG_ENABLE_OBJC_ARC = YES;
				CLANG_ENABLE_OBJC_WEAK = YES;
				CLANG_WARN_BLOCK_CAPTURE_AUTORELEASING = YES;
				CLANG_WARN_BOOL_CONVERSION = YES;
				CLANG_WARN_COMMA = YES;
				CLANG_WARN_CONSTANT_CONVERSION = YES;
				CLANG_WARN_DEPRECATED_OBJC_IMPLEMENTATIONS = YES;
				CLANG_WARN_DIRECT_OBJC_ISA_USAGE = YES_ERROR;
				CLANG_WARN_DOCUMENTATION_COMMENTS = YES;
				CLANG_WARN_EMPTY_BODY = YES;
				CLANG_WARN_ENUM_CONVERSION = YES;
				CLANG_WARN_INFINITE_RECURSION = YES;
				CLANG_WARN_INT_CONVERSION = YES;
				CLANG_WARN_NON_LITERAL_NULL_CONVERSION = YES;
				CLANG_WARN_OBJC_IMPLICIT_RETAIN_SELF = YES;
				CLANG_WARN_OBJC_LITERAL_CONVERSION = YES;
				CLANG_WARN_OBJC_ROOT_CLASS = YES_ERROR;
				CLANG_WARN_QUOTED_INCLUDE_IN_FRAMEWORK_HEADER = YES;
				CLANG_WARN_RANGE_LOOP_ANALYSIS = YES;
				CLANG_WARN_STRICT_PROTOTYPES = YES;
				CLANG_WARN_SUSPICIOUS_MOVE = YES;
				CLANG_WARN_UNGUARDED_AVAILABILITY = YES_AGGRESSIVE;
				CLANG_WARN_UNREACHABLE_CODE = YES;
				CLANG_WARN__DUPLICATE_METHOD_MATCH = YES;
				COPY_PHASE_STRIP = NO;
				DEBUG_INFORMATION_FORMAT = dwarf;
				ENABLE_STRICT_OBJC_MSGSEND = YES;
				ENABLE_TESTABILITY = YES;
				ENABLE_USER_SCRIPT_SANDBOXING = YES;
				GCC_C_LANGUAGE_STANDARD = gnu17;
				GCC_DYNAMIC_NO_PIC = NO;
				GCC_NO_COMMON_BLOCKS = YES;
				GCC_OPTIMIZATION_LEVEL = 0;
				GCC_PREPROCESSOR_DEFINITIONS = (
					"DEBUG=1",
					"$(inherited)",
				);
				GCC_WARN_64_TO_32_BIT_CONVERSION = YES;
				GCC_WARN_ABOUT_RETURN_TYPE = YES_ERROR;
				GCC_WARN_UNDECLARED_SELECTOR = YES;
				GCC_WARN_UNINITIALIZED_AUTOS = YES_AGGRESSIVE;
				GCC_WARN_UNUSED_FUNCTION = YES;
				GCC_WARN_UNUSED_VARIABLE = YES;
				IPHONEOS_DEPLOYMENT_TARGET = 17.0;
				LOCALIZATION_PREFERS_STRING_CATALOGS = YES;
				MTL_ENABLE_DEBUG_INFO = INCLUDE_SOURCE;
				MTL_FAST_MATH = YES;
				ONLY_ACTIVE_ARCH = YES;
				SDKROOT = iphoneos;
				SWIFT_ACTIVE_COMPILATION_CONDITIONS = "DEBUG $(inherited)";
				SWIFT_OPTIMIZATION_LEVEL = "-Onone";
			};
			name = Debug;
		};
		FC1DFF592ADB03E6007E074B /* Release */ = {
			isa = XCBuildConfiguration;
			buildSettings = {
				ALWAYS_SEARCH_USER_PATHS = NO;
				ASSETCATALOG_COMPILER_GENERATE_SWIFT_ASSET_SYMBOL_EXTENSIONS = YES;
				CLANG_ANALYZER_NONNULL = YES;
				CLANG_ANALYZER_NUMBER_OBJECT_CONVERSION = YES_AGGRESSIVE;
				CLANG_CXX_LANGUAGE_STANDARD = "gnu++20";
				CLANG_ENABLE_MODULES = YES;
				CLANG_ENABLE_OBJC_ARC = YES;
				CLANG_ENABLE_OBJC_WEAK = YES;
				CLANG_WARN_BLOCK_CAPTURE_AUTORELEASING = YES;
				CLANG_WARN_BOOL_CONVERSION = YES;
				CLANG_WARN_COMMA = YES;
				CLANG_WARN_CONSTANT_CONVERSION = YES;
				CLANG_WARN_DEPRECATED_OBJC_IMPLEMENTATIONS = YES;
				CLANG_WARN_DIRECT_OBJC_ISA_USAGE = YES_ERROR;
				CLANG_WARN_DOCUMENTATION_COMMENTS = YES;
				CLANG_WARN_EMPTY_BODY = YES;
				CLANG_WARN_ENUM_CONVERSION = YES;
				CLANG_WARN_INFINITE_RECURSION = YES;
				CLANG_WARN_INT_CONVERSION = YES;
				CLANG_WARN_NON_LITERAL_NULL_CONVERSION = YES;
				CLANG_WARN_OBJC_IMPLICIT_RETAIN_SELF = YES;
				CLANG_WARN_OBJC_LITERAL_CONVERSION = YES;
				CLANG_WARN_OBJC_ROOT_CLASS = YES_ERROR;
				CLANG_WARN_QUOTED_INCLUDE_IN_FRAMEWORK_HEADER = YES;
				CLANG_WARN_RANGE_LOOP_ANALYSIS = YES;
				CLANG_WARN_STRICT_PROTOTYPES = YES;
				CLANG_WARN_SUSPICIOUS_MOVE = YES;
				CLANG_WARN_UNGUARDED_AVAILABILITY = YES_AGGRESSIVE;
				CLANG_WARN_UNREACHABLE_CODE = YES;
				CLANG_WARN__DUPLICATE_METHOD_MATCH = YES;
				COPY_PHASE_STRIP = NO;
				DEBUG_INFORMATION_FORMAT = "dwarf-with-dsym";
				ENABLE_NS_ASSERTIONS = NO;
				ENABLE_STRICT_OBJC_MSGSEND = YES;
				ENABLE_USER_SCRIPT_SANDBOXING = YES;
				GCC_C_LANGUAGE_STANDARD = gnu17;
				GCC_NO_COMMON_BLOCKS = YES;
				GCC_WARN_64_TO_32_BIT_CONVERSION = YES;
				GCC_WARN_ABOUT_RETURN_TYPE = YES_ERROR;
				GCC_WARN_UNDECLARED_SELECTOR = YES;
				GCC_WARN_UNINITIALIZED_AUTOS = YES_AGGRESSIVE;
				GCC_WARN_UNUSED_FUNCTION = YES;
				GCC_WARN_UNUSED_VARIABLE = YES;
				IPHONEOS_DEPLOYMENT_TARGET = 17.0;
				LOCALIZATION_PREFERS_STRING_CATALOGS = YES;
				MTL_ENABLE_DEBUG_INFO = NO;
				MTL_FAST_MATH = YES;
				SDKROOT = iphoneos;
				SWIFT_COMPILATION_MODE = wholemodule;
				VALIDATE_PRODUCT = YES;
			};
			name = Release;
		};
		FC1DFF5B2ADB03E6007E074B /* Debug */ = {
			isa = XCBuildConfiguration;
			buildSettings = {
				ASSETCATALOG_COMPILER_APPICON_NAME = AppIcon;
				ASSETCATALOG_COMPILER_GLOBAL_ACCENT_COLOR_NAME = AccentColor;
				CODE_SIGN_STYLE = Automatic;
				CURRENT_PROJECT_VERSION = 1;
				DEVELOPMENT_ASSET_PATHS = "\"PrevisaoDoTempo/Preview Content\"";
				DEVELOPMENT_TEAM = B7WNA79JAY;
				ENABLE_PREVIEWS = YES;
				GENERATE_INFOPLIST_FILE = YES;
				INFOPLIST_KEY_UIApplicationSceneManifest_Generation = YES;
				INFOPLIST_KEY_UIApplicationSupportsIndirectInputEvents = YES;
				INFOPLIST_KEY_UILaunchScreen_Generation = YES;
				INFOPLIST_KEY_UISupportedInterfaceOrientations_iPad = "UIInterfaceOrientationPortrait UIInterfaceOrientationPortraitUpsideDown UIInterfaceOrientationLandscapeLeft UIInterfaceOrientationLandscapeRight";
				INFOPLIST_KEY_UISupportedInterfaceOrientations_iPhone = "UIInterfaceOrientationPortrait UIInterfaceOrientationLandscapeLeft UIInterfaceOrientationLandscapeRight";
				LD_RUNPATH_SEARCH_PATHS = (
					"$(inherited)",
					"@executable_path/Frameworks",
				);
				MARKETING_VERSION = 1.0;
				PRODUCT_BUNDLE_IDENTIFIER = br.ufpe.cin.academy.PrevisaoDoTempo;
				PRODUCT_NAME = "$(TARGET_NAME)";
				SWIFT_EMIT_LOC_STRINGS = YES;
				SWIFT_VERSION = 5.0;
				TARGETED_DEVICE_FAMILY = "1,2";
			};
			name = Debug;
		};
		FC1DFF5C2ADB03E6007E074B /* Release */ = {
			isa = XCBuildConfiguration;
			buildSettings = {
				ASSETCATALOG_COMPILER_APPICON_NAME = AppIcon;
				ASSETCATALOG_COMPILER_GLOBAL_ACCENT_COLOR_NAME = AccentColor;
				CODE_SIGN_STYLE = Automatic;
				CURRENT_PROJECT_VERSION = 1;
				DEVELOPMENT_ASSET_PATHS = "\"PrevisaoDoTempo/Preview Content\"";
				DEVELOPMENT_TEAM = B7WNA79JAY;
				ENABLE_PREVIEWS = YES;
				GENERATE_INFOPLIST_FILE = YES;
				INFOPLIST_KEY_UIApplicationSceneManifest_Generation = YES;
				INFOPLIST_KEY_UIApplicationSupportsIndirectInputEvents = YES;
				INFOPLIST_KEY_UILaunchScreen_Generation = YES;
				INFOPLIST_KEY_UISupportedInterfaceOrientations_iPad = "UIInterfaceOrientationPortrait UIInterfaceOrientationPortraitUpsideDown UIInterfaceOrientationLandscapeLeft UIInterfaceOrientationLandscapeRight";
				INFOPLIST_KEY_UISupportedInterfaceOrientations_iPhone = "UIInterfaceOrientationPortrait UIInterfaceOrientationLandscapeLeft UIInterfaceOrientationLandscapeRight";
				LD_RUNPATH_SEARCH_PATHS = (
					"$(inherited)",
					"@executable_path/Frameworks",
				);
				MARKETING_VERSION = 1.0;
				PRODUCT_BUNDLE_IDENTIFIER = br.ufpe.cin.academy.PrevisaoDoTempo;
				PRODUCT_NAME = "$(TARGET_NAME)";
				SWIFT_EMIT_LOC_STRINGS = YES;
				SWIFT_VERSION = 5.0;
				TARGETED_DEVICE_FAMILY = "1,2";
			};
			name = Release;
		};
/* End XCBuildConfiguration section */

/* Begin XCConfigurationList section */
		FC1DFF472ADB03E5007E074B /* Build configuration list for PBXProject "PrevisaoDoTempo" */ = {
			isa = XCConfigurationList;
			buildConfigurations = (
				FC1DFF582ADB03E6007E074B /* Debug */,
				FC1DFF592ADB03E6007E074B /* Release */,
			);
			defaultConfigurationIsVisible = 0;
			defaultConfigurationName = Release;
		};
		FC1DFF5A2ADB03E6007E074B /* Build configuration list for PBXNativeTarget "PrevisaoDoTempo" */ = {
			isa = XCConfigurationList;
			buildConfigurations = (
				FC1DFF5B2ADB03E6007E074B /* Debug */,
				FC1DFF5C2ADB03E6007E074B /* Release */,
			);
			defaultConfigurationIsVisible = 0;
			defaultConfigurationName = Release;
		};
/* End XCConfigurationList section */

/* Begin XCRemoteSwiftPackageReference section */
		FC1DFF5D2ADB050E007E074B /* XCRemoteSwiftPackageReference "Alamofire" */ = {
			isa = XCRemoteSwiftPackageReference;
			repositoryURL = "https://github.com/Alamofire/Alamofire.git";
			requirement = {
				kind = upToNextMajorVersion;
				minimumVersion = 5.8.0;
			};
		};
/* End XCRemoteSwiftPackageReference section */

/* Begin XCSwiftPackageProductDependency section */
		FC1DFF5E2ADB050E007E074B /* Alamofire */ = {
			isa = XCSwiftPackageProductDependency;
			package = FC1DFF5D2ADB050E007E074B /* XCRemoteSwiftPackageReference "Alamofire" */;
			productName = Alamofire;
		};
/* End XCSwiftPackageProductDependency section */
	};
	rootObject = FC1DFF442ADB03E5007E074B /* Project object */;
}
